
Microsoft Visual Studio Solution File, Format Version 12.00
# Visual Studio 15
VisualStudioVersion = 15.0.26403.3
MinimumVisualStudioVersion = 10.0.40219.1
Project("{FAE04EC0-301F-11D3-BF4B-00C04F79EFBC}") = "Stylelabs.MQA.TestCases", "Stylelabs.MQA.TestCases\Stylelabs.MQA.TestCases.csproj", "{BD5D41CF-2209-4A8A-9725-C72E77BD93C8}"
EndProject
Project("{FAE04EC0-301F-11D3-BF4B-00C04F79EFBC}") = "Stylelabs.MQA.Core", "Stylelabs.MQA.Core\Stylelabs.MQA.Core.csproj", "{067AC361-A924-47E4-807E-EF7B635A0DA8}"
EndProject
Project("{FAE04EC0-301F-11D3-BF4B-00C04F79EFBC}") = "Stylelabs.MQA.PageElements", "Stylelabs.MQA.PageElements\Stylelabs.MQA.PageElements.csproj", "{C75893C5-B57B-4D38-AF05-48EE3EBB5D77}"
EndProject
Global
	GlobalSection(SolutionConfigurationPlatforms) = preSolution
		Debug|Any CPU = Debug|Any CPU
		Release|Any CPU = Release|Any CPU
	EndGlobalSection
	GlobalSection(ProjectConfigurationPlatforms) = postSolution
		{BD5D41CF-2209-4A8A-9725-C72E77BD93C8}.Debug|Any CPU.ActiveCfg = Debug|Any CPU
		{BD5D41CF-2209-4A8A-9725-C72E77BD93C8}.Debug|Any CPU.Build.0 = Debug|Any CPU
		{BD5D41CF-2209-4A8A-9725-C72E77BD93C8}.Release|Any CPU.ActiveCfg = Release|Any CPU
		{BD5D41CF-2209-4A8A-9725-C72E77BD93C8}.Release|Any CPU.Build.0 = Release|Any CPU
		{067AC361-A924-47E4-807E-EF7B635A0DA8}.Debug|Any CPU.ActiveCfg = Debug|Any CPU
		{067AC361-A924-47E4-807E-EF7B635A0DA8}.Debug|Any CPU.Build.0 = Debug|Any CPU
		{067AC361-A924-47E4-807E-EF7B635A0DA8}.Release|Any CPU.ActiveCfg = Release|Any CPU
		{067AC361-A924-47E4-807E-EF7B635A0DA8}.Release|Any CPU.Build.0 = Release|Any CPU
		{C75893C5-B57B-4D38-AF05-48EE3EBB5D77}.Debug|Any CPU.ActiveCfg = Debug|Any CPU
		{C75893C5-B57B-4D38-AF05-48EE3EBB5D77}.Debug|Any CPU.Build.0 = Debug|Any CPU
		{C75893C5-B57B-4D38-AF05-48EE3EBB5D77}.Release|Any CPU.ActiveCfg = Release|Any CPU
		{C75893C5-B57B-4D38-AF05-48EE3EBB5D77}.Release|Any CPU.Build.0 = Release|Any CPU
	EndGlobalSection
	GlobalSection(SolutionProperties) = preSolution
		HideSolutionNode = FALSE
	EndGlobalSection
EndGlobal
